
Microsoft Visual Studio Solution File, Format Version 12.00
# Visual Studio Version 16
VisualStudioVersion = 16.0.29613.14
MinimumVisualStudioVersion = 10.0.40219.1
Project("{9A19103F-16F7-4668-BE54-9A1E7A4F7556}") = "HelloWorld", "HelloWorld.csproj", "{395693A0-670E-42C7-8208-1886EE1C22EB}"
EndProject
Project("{9A19103F-16F7-4668-BE54-9A1E7A4F7556}") = "Practical-1", "..\Practical-1\Practical-1.csproj", "{6E9441FA-01BB-4742-84B8-5805D24D5384}"
EndProject
Project("{9A19103F-16F7-4668-BE54-9A1E7A4F7556}") = "Practical-2", "..\Practical-2\Practical-2.csproj", "{8BDB2968-A936-4499-B992-759D4B834B53}"
EndProject
Project("{9A19103F-16F7-4668-BE54-9A1E7A4F7556}") = "Practical-3", "..\Practical-3\Practical-3.csproj", "{9A9F5DB9-C594-4C0C-B92A-E89A393B1A8D}"
EndProject
Project("{9A19103F-16F7-4668-BE54-9A1E7A4F7556}") = "Practical-4", "..\Practical-4\Practical-4.csproj", "{F370038B-A0D0-47DC-B7B3-90C09E061636}"
EndProject
Project("{9A19103F-16F7-4668-BE54-9A1E7A4F7556}") = "Practical-5", "..\Practical-5\Practical-5.csproj", "{4E0A39F0-C2D5-4992-AC30-672EB9F0FBE8}"
EndProject
Project("{9A19103F-16F7-4668-BE54-9A1E7A4F7556}") = "Practical-6", "..\Practical-6\Practical-6.csproj", "{B96C0C0F-414C-4940-B7B5-8D6E3975C5F5}"
EndProject
Project("{9A19103F-16F7-4668-BE54-9A1E7A4F7556}") = "Practical-7", "..\Practical-7\Practical-7.csproj", "{57D776BD-C244-43BD-AA1C-969996A40F66}"
EndProject
Project("{9A19103F-16F7-4668-BE54-9A1E7A4F7556}") = "Practical-8", "..\Practical-8\Practical-8.csproj", "{C12ACD8C-2C7E-403A-A2B2-12ECB51228E1}"
EndProject
Project("{FAE04EC0-301F-11D3-BF4B-00C04F79EFBC}") = "Practical-9", "..\Practical-9\Practical-9.csproj", "{10D36554-CBFF-405C-9C9F-0BC81F1902E3}"
EndProject
Project("{FAE04EC0-301F-11D3-BF4B-00C04F79EFBC}") = "Practical-10", "..\Practical-10\Practical-10.csproj", "{68A388C2-454A-4881-B6DE-8B75EE980EFC}"
EndProject
Project("{FAE04EC0-301F-11D3-BF4B-00C04F79EFBC}") = "Practical-11", "..\Practical-11\Practical-11.csproj", "{5AF08D16-A58E-4BD8-896C-B9BD8DDA9DA1}"
EndProject
Project("{FAE04EC0-301F-11D3-BF4B-00C04F79EFBC}") = "Practical-12", "..\Practical-12\Practical-12.csproj", "{E8D7CDC7-E5CD-412D-A7ED-BA05871937D8}"
EndProject
Project("{FAE04EC0-301F-11D3-BF4B-00C04F79EFBC}") = "Practical-13", "..\Practical-13\Practical-13.csproj", "{723A46DC-BF86-4074-8499-F83C54ACE2A2}"
EndProject
Global
	GlobalSection(SolutionConfigurationPlatforms) = preSolution
		Debug|Any CPU = Debug|Any CPU
		Release|Any CPU = Release|Any CPU
	EndGlobalSection
	GlobalSection(ProjectConfigurationPlatforms) = postSolution
		{395693A0-670E-42C7-8208-1886EE1C22EB}.Debug|Any CPU.ActiveCfg = Debug|Any CPU
		{395693A0-670E-42C7-8208-1886EE1C22EB}.Debug|Any CPU.Build.0 = Debug|Any CPU
		{395693A0-670E-42C7-8208-1886EE1C22EB}.Release|Any CPU.ActiveCfg = Release|Any CPU
		{395693A0-670E-42C7-8208-1886EE1C22EB}.Release|Any CPU.Build.0 = Release|Any CPU
		{6E9441FA-01BB-4742-84B8-5805D24D5384}.Debug|Any CPU.ActiveCfg = Debug|Any CPU
		{6E9441FA-01BB-4742-84B8-5805D24D5384}.Debug|Any CPU.Build.0 = Debug|Any CPU
		{6E9441FA-01BB-4742-84B8-5805D24D5384}.Release|Any CPU.ActiveCfg = Release|Any CPU
		{6E9441FA-01BB-4742-84B8-5805D24D5384}.Release|Any CPU.Build.0 = Release|Any CPU
		{8BDB2968-A936-4499-B992-759D4B834B53}.Debug|Any CPU.ActiveCfg = Debug|Any CPU
		{8BDB2968-A936-4499-B992-759D4B834B53}.Debug|Any CPU.Build.0 = Debug|Any CPU
		{8BDB2968-A936-4499-B992-759D4B834B53}.Release|Any CPU.ActiveCfg = Release|Any CPU
		{8BDB2968-A936-4499-B992-759D4B834B53}.Release|Any CPU.Build.0 = Release|Any CPU
		{9A9F5DB9-C594-4C0C-B92A-E89A393B1A8D}.Debug|Any CPU.ActiveCfg = Debug|Any CPU
		{9A9F5DB9-C594-4C0C-B92A-E89A393B1A8D}.Debug|Any CPU.Build.0 = Debug|Any CPU
		{9A9F5DB9-C594-4C0C-B92A-E89A393B1A8D}.Release|Any CPU.ActiveCfg = Release|Any CPU
		{9A9F5DB9-C594-4C0C-B92A-E89A393B1A8D}.Release|Any CPU.Build.0 = Release|Any CPU
		{F370038B-A0D0-47DC-B7B3-90C09E061636}.Debug|Any CPU.ActiveCfg = Debug|Any CPU
		{F370038B-A0D0-47DC-B7B3-90C09E061636}.Debug|Any CPU.Build.0 = Debug|Any CPU
		{F370038B-A0D0-47DC-B7B3-90C09E061636}.Release|Any CPU.ActiveCfg = Release|Any CPU
		{F370038B-A0D0-47DC-B7B3-90C09E061636}.Release|Any CPU.Build.0 = Release|Any CPU
		{4E0A39F0-C2D5-4992-AC30-672EB9F0FBE8}.Debug|Any CPU.ActiveCfg = Debug|Any CPU
		{4E0A39F0-C2D5-4992-AC30-672EB9F0FBE8}.Debug|Any CPU.Build.0 = Debug|Any CPU
		{4E0A39F0-C2D5-4992-AC30-672EB9F0FBE8}.Release|Any CPU.ActiveCfg = Release|Any CPU
		{4E0A39F0-C2D5-4992-AC30-672EB9F0FBE8}.Release|Any CPU.Build.0 = Release|Any CPU
		{B96C0C0F-414C-4940-B7B5-8D6E3975C5F5}.Debug|Any CPU.ActiveCfg = Debug|Any CPU
		{B96C0C0F-414C-4940-B7B5-8D6E3975C5F5}.Debug|Any CPU.Build.0 = Debug|Any CPU
		{B96C0C0F-414C-4940-B7B5-8D6E3975C5F5}.Release|Any CPU.ActiveCfg = Release|Any CPU
		{B96C0C0F-414C-4940-B7B5-8D6E3975C5F5}.Release|Any CPU.Build.0 = Release|Any CPU
		{57D776BD-C244-43BD-AA1C-969996A40F66}.Debug|Any CPU.ActiveCfg = Debug|Any CPU
		{57D776BD-C244-43BD-AA1C-969996A40F66}.Debug|Any CPU.Build.0 = Debug|Any CPU
		{57D776BD-C244-43BD-AA1C-969996A40F66}.Release|Any CPU.ActiveCfg = Release|Any CPU
		{57D776BD-C244-43BD-AA1C-969996A40F66}.Release|Any CPU.Build.0 = Release|Any CPU
		{C12ACD8C-2C7E-403A-A2B2-12ECB51228E1}.Debug|Any CPU.ActiveCfg = Debug|Any CPU
		{C12ACD8C-2C7E-403A-A2B2-12ECB51228E1}.Debug|Any CPU.Build.0 = Debug|Any CPU
		{C12ACD8C-2C7E-403A-A2B2-12ECB51228E1}.Release|Any CPU.ActiveCfg = Release|Any CPU
		{C12ACD8C-2C7E-403A-A2B2-12ECB51228E1}.Release|Any CPU.Build.0 = Release|Any CPU
		{10D36554-CBFF-405C-9C9F-0BC81F1902E3}.Debug|Any CPU.ActiveCfg = Debug|Any CPU
		{10D36554-CBFF-405C-9C9F-0BC81F1902E3}.Debug|Any CPU.Build.0 = Debug|Any CPU
		{10D36554-CBFF-405C-9C9F-0BC81F1902E3}.Release|Any CPU.ActiveCfg = Release|Any CPU
		{10D36554-CBFF-405C-9C9F-0BC81F1902E3}.Release|Any CPU.Build.0 = Release|Any CPU
		{68A388C2-454A-4881-B6DE-8B75EE980EFC}.Debug|Any CPU.ActiveCfg = Debug|Any CPU
		{68A388C2-454A-4881-B6DE-8B75EE980EFC}.Debug|Any CPU.Build.0 = Debug|Any CPU
		{68A388C2-454A-4881-B6DE-8B75EE980EFC}.Release|Any CPU.ActiveCfg = Release|Any CPU
		{68A388C2-454A-4881-B6DE-8B75EE980EFC}.Release|Any CPU.Build.0 = Release|Any CPU
		{5AF08D16-A58E-4BD8-896C-B9BD8DDA9DA1}.Debug|Any CPU.ActiveCfg = Debug|Any CPU
		{5AF08D16-A58E-4BD8-896C-B9BD8DDA9DA1}.Debug|Any CPU.Build.0 = Debug|Any CPU
		{5AF08D16-A58E-4BD8-896C-B9BD8DDA9DA1}.Release|Any CPU.ActiveCfg = Release|Any CPU
		{5AF08D16-A58E-4BD8-896C-B9BD8DDA9DA1}.Release|Any CPU.Build.0 = Release|Any CPU
		{E8D7CDC7-E5CD-412D-A7ED-BA05871937D8}.Debug|Any CPU.ActiveCfg = Debug|Any CPU
		{E8D7CDC7-E5CD-412D-A7ED-BA05871937D8}.Debug|Any CPU.Build.0 = Debug|Any CPU
		{E8D7CDC7-E5CD-412D-A7ED-BA05871937D8}.Release|Any CPU.ActiveCfg = Release|Any CPU
		{E8D7CDC7-E5CD-412D-A7ED-BA05871937D8}.Release|Any CPU.Build.0 = Release|Any CPU
		{723A46DC-BF86-4074-8499-F83C54ACE2A2}.Debug|Any CPU.ActiveCfg = Debug|Any CPU
		{723A46DC-BF86-4074-8499-F83C54ACE2A2}.Debug|Any CPU.Build.0 = Debug|Any CPU
		{723A46DC-BF86-4074-8499-F83C54ACE2A2}.Release|Any CPU.ActiveCfg = Release|Any CPU
		{723A46DC-BF86-4074-8499-F83C54ACE2A2}.Release|Any CPU.Build.0 = Release|Any CPU
	EndGlobalSection
	GlobalSection(SolutionProperties) = preSolution
		HideSolutionNode = FALSE
	EndGlobalSection
	GlobalSection(ExtensibilityGlobals) = postSolution
		SolutionGuid = {F619CB60-94CB-466D-8778-D48FC3C80B5D}
	EndGlobalSection
EndGlobal
